
Microsoft Visual Studio Solution File, Format Version 12.00
# Visual Studio Version 17
VisualStudioVersion = 17.4.33110.190
MinimumVisualStudioVersion = 10.0.40219.1
Project("{FAE04EC0-301F-11D3-BF4B-00C04F79EFBC}") = "MetaMedia", "MetaMedia.csproj", "{878EEE17-4D29-4E7D-A850-AC1CDF1B601F}"
EndProject
Global
	GlobalSection(SolutionConfigurationPlatforms) = preSolution
		Debug|Any CPU = Debug|Any CPU
		Release|Any CPU = Release|Any CPU
	EndGlobalSection
	GlobalSection(ProjectConfigurationPlatforms) = postSolution
		{878EEE17-4D29-4E7D-A850-AC1CDF1B601F}.Debug|Any CPU.ActiveCfg = Debug|Any CPU
		{878EEE17-4D29-4E7D-A850-AC1CDF1B601F}.Debug|Any CPU.Build.0 = Debug|Any CPU
		{878EEE17-4D29-4E7D-A850-AC1CDF1B601F}.Release|Any CPU.ActiveCfg = Release|Any CPU
		{878EEE17-4D29-4E7D-A850-AC1CDF1B601F}.Release|Any CPU.Build.0 = Release|Any CPU
	EndGlobalSection
	GlobalSection(SolutionProperties) = preSolution
		HideSolutionNode = FALSE
	EndGlobalSection
	GlobalSection(ExtensibilityGlobals) = postSolution
		SolutionGuid = {D4D41186-2688-4F1F-9FDB-C4241F5D7598}
	EndGlobalSection
EndGlobal
